
Microsoft Visual Studio Solution File, Format Version 12.00
# Visual Studio Version 17
VisualStudioVersion = 17.6.33723.286
MinimumVisualStudioVersion = 10.0.40219.1
Project("{FAE04EC0-301F-11D3-BF4B-00C04F79EFBC}") = "2430933(Ej.5).Android", "2430933(Ej.5)\2430933(Ej.5).Android\2430933(Ej.5).Android.csproj", "{6C05D8F0-C2B1-4C55-8B7B-E8FA816F88EA}"
EndProject
Project("{FAE04EC0-301F-11D3-BF4B-00C04F79EFBC}") = "2430933(Ej.5).iOS", "2430933(Ej.5)\2430933(Ej.5).iOS\2430933(Ej.5).iOS.csproj", "{682B3347-638E-4286-A32D-EB2F348E2034}"
EndProject
Project("{FAE04EC0-301F-11D3-BF4B-00C04F79EFBC}") = "2430933(Ej.5)", "2430933(Ej.5)\2430933(Ej.5)\2430933(Ej.5).csproj", "{479E13EB-C035-4C79-B028-5116357CEC1C}"
EndProject
Global
	GlobalSection(SolutionConfigurationPlatforms) = preSolution
		Debug|Any CPU = Debug|Any CPU
		Debug|iPhone = Debug|iPhone
		Debug|iPhoneSimulator = Debug|iPhoneSimulator
		Release|Any CPU = Release|Any CPU
		Release|iPhone = Release|iPhone
		Release|iPhoneSimulator = Release|iPhoneSimulator
	EndGlobalSection
	GlobalSection(ProjectConfigurationPlatforms) = postSolution
		{6C05D8F0-C2B1-4C55-8B7B-E8FA816F88EA}.Debug|Any CPU.ActiveCfg = Debug|Any CPU
		{6C05D8F0-C2B1-4C55-8B7B-E8FA816F88EA}.Debug|Any CPU.Build.0 = Debug|Any CPU
		{6C05D8F0-C2B1-4C55-8B7B-E8FA816F88EA}.Debug|Any CPU.Deploy.0 = Debug|Any CPU
		{6C05D8F0-C2B1-4C55-8B7B-E8FA816F88EA}.Debug|iPhone.ActiveCfg = Debug|Any CPU
		{6C05D8F0-C2B1-4C55-8B7B-E8FA816F88EA}.Debug|iPhone.Build.0 = Debug|Any CPU
		{6C05D8F0-C2B1-4C55-8B7B-E8FA816F88EA}.Debug|iPhone.Deploy.0 = Debug|Any CPU
		{6C05D8F0-C2B1-4C55-8B7B-E8FA816F88EA}.Debug|iPhoneSimulator.ActiveCfg = Debug|Any CPU
		{6C05D8F0-C2B1-4C55-8B7B-E8FA816F88EA}.Debug|iPhoneSimulator.Build.0 = Debug|Any CPU
		{6C05D8F0-C2B1-4C55-8B7B-E8FA816F88EA}.Debug|iPhoneSimulator.Deploy.0 = Debug|Any CPU
		{6C05D8F0-C2B1-4C55-8B7B-E8FA816F88EA}.Release|Any CPU.ActiveCfg = Release|Any CPU
		{6C05D8F0-C2B1-4C55-8B7B-E8FA816F88EA}.Release|Any CPU.Build.0 = Release|Any CPU
		{6C05D8F0-C2B1-4C55-8B7B-E8FA816F88EA}.Release|Any CPU.Deploy.0 = Release|Any CPU
		{6C05D8F0-C2B1-4C55-8B7B-E8FA816F88EA}.Release|iPhone.ActiveCfg = Release|Any CPU
		{6C05D8F0-C2B1-4C55-8B7B-E8FA816F88EA}.Release|iPhone.Build.0 = Release|Any CPU
		{6C05D8F0-C2B1-4C55-8B7B-E8FA816F88EA}.Release|iPhone.Deploy.0 = Release|Any CPU
		{6C05D8F0-C2B1-4C55-8B7B-E8FA816F88EA}.Release|iPhoneSimulator.ActiveCfg = Release|Any CPU
		{6C05D8F0-C2B1-4C55-8B7B-E8FA816F88EA}.Release|iPhoneSimulator.Build.0 = Release|Any CPU
		{6C05D8F0-C2B1-4C55-8B7B-E8FA816F88EA}.Release|iPhoneSimulator.Deploy.0 = Release|Any CPU
		{682B3347-638E-4286-A32D-EB2F348E2034}.Debug|Any CPU.ActiveCfg = Debug|iPhone
		{682B3347-638E-4286-A32D-EB2F348E2034}.Debug|Any CPU.Build.0 = Debug|iPhone
		{682B3347-638E-4286-A32D-EB2F348E2034}.Debug|Any CPU.Deploy.0 = Debug|iPhone
		{682B3347-638E-4286-A32D-EB2F348E2034}.Debug|iPhone.ActiveCfg = Debug|iPhone
		{682B3347-638E-4286-A32D-EB2F348E2034}.Debug|iPhone.Build.0 = Debug|iPhone
		{682B3347-638E-4286-A32D-EB2F348E2034}.Debug|iPhone.Deploy.0 = Debug|iPhone
		{682B3347-638E-4286-A32D-EB2F348E2034}.Debug|iPhoneSimulator.ActiveCfg = Debug|iPhoneSimulator
		{682B3347-638E-4286-A32D-EB2F348E2034}.Debug|iPhoneSimulator.Build.0 = Debug|iPhoneSimulator
		{682B3347-638E-4286-A32D-EB2F348E2034}.Debug|iPhoneSimulator.Deploy.0 = Debug|iPhoneSimulator
		{682B3347-638E-4286-A32D-EB2F348E2034}.Release|Any CPU.ActiveCfg = Release|iPhoneSimulator
		{682B3347-638E-4286-A32D-EB2F348E2034}.Release|Any CPU.Build.0 = Release|iPhoneSimulator
		{682B3347-638E-4286-A32D-EB2F348E2034}.Release|Any CPU.Deploy.0 = Release|iPhoneSimulator
		{682B3347-638E-4286-A32D-EB2F348E2034}.Release|iPhone.ActiveCfg = Release|iPhone
		{682B3347-638E-4286-A32D-EB2F348E2034}.Release|iPhone.Build.0 = Release|iPhone
		{682B3347-638E-4286-A32D-EB2F348E2034}.Release|iPhone.Deploy.0 = Release|iPhone
		{682B3347-638E-4286-A32D-EB2F348E2034}.Release|iPhoneSimulator.ActiveCfg = Release|iPhoneSimulator
		{682B3347-638E-4286-A32D-EB2F348E2034}.Release|iPhoneSimulator.Build.0 = Release|iPhoneSimulator
		{682B3347-638E-4286-A32D-EB2F348E2034}.Release|iPhoneSimulator.Deploy.0 = Release|iPhoneSimulator
		{479E13EB-C035-4C79-B028-5116357CEC1C}.Debug|Any CPU.ActiveCfg = Debug|Any CPU
		{479E13EB-C035-4C79-B028-5116357CEC1C}.Debug|Any CPU.Build.0 = Debug|Any CPU
		{479E13EB-C035-4C79-B028-5116357CEC1C}.Debug|Any CPU.Deploy.0 = Debug|Any CPU
		{479E13EB-C035-4C79-B028-5116357CEC1C}.Debug|iPhone.ActiveCfg = Debug|Any CPU
		{479E13EB-C035-4C79-B028-5116357CEC1C}.Debug|iPhone.Build.0 = Debug|Any CPU
		{479E13EB-C035-4C79-B028-5116357CEC1C}.Debug|iPhone.Deploy.0 = Debug|Any CPU
		{479E13EB-C035-4C79-B028-5116357CEC1C}.Debug|iPhoneSimulator.ActiveCfg = Debug|Any CPU
		{479E13EB-C035-4C79-B028-5116357CEC1C}.Debug|iPhoneSimulator.Build.0 = Debug|Any CPU
		{479E13EB-C035-4C79-B028-5116357CEC1C}.Debug|iPhoneSimulator.Deploy.0 = Debug|Any CPU
		{479E13EB-C035-4C79-B028-5116357CEC1C}.Release|Any CPU.ActiveCfg = Release|Any CPU
		{479E13EB-C035-4C79-B028-5116357CEC1C}.Release|Any CPU.Build.0 = Release|Any CPU
		{479E13EB-C035-4C79-B028-5116357CEC1C}.Release|Any CPU.Deploy.0 = Release|Any CPU
		{479E13EB-C035-4C79-B028-5116357CEC1C}.Release|iPhone.ActiveCfg = Release|Any CPU
		{479E13EB-C035-4C79-B028-5116357CEC1C}.Release|iPhone.Build.0 = Release|Any CPU
		{479E13EB-C035-4C79-B028-5116357CEC1C}.Release|iPhone.Deploy.0 = Release|Any CPU
		{479E13EB-C035-4C79-B028-5116357CEC1C}.Release|iPhoneSimulator.ActiveCfg = Release|Any CPU
		{479E13EB-C035-4C79-B028-5116357CEC1C}.Release|iPhoneSimulator.Build.0 = Release|Any CPU
		{479E13EB-C035-4C79-B028-5116357CEC1C}.Release|iPhoneSimulator.Deploy.0 = Release|Any CPU
	EndGlobalSection
	GlobalSection(SolutionProperties) = preSolution
		HideSolutionNode = FALSE
	EndGlobalSection
	GlobalSection(ExtensibilityGlobals) = postSolution
		SolutionGuid = {A15AE079-C41E-4815-A694-1BC790C0414D}
	EndGlobalSection
EndGlobal
